Microsoft Visual Studio Solution File, Format Version 12.00
# Visual Studio Version 17
VisualStudioVersion = 17.5.2.0
MinimumVisualStudioVersion = 10.0.40219.1
Project("{FAE04EC0-301F-11D3-BF4B-00C04F79EFBC}") = "mvc-portfolio", "mvc-portfolio.csproj", "{164B19D1-C9C9-686A-B1D7-CE0FB6281E6F}"
EndProject
Global
	GlobalSection(SolutionConfigurationPlatforms) = preSolution
		Debug|Any CPU = Debug|Any CPU
		Release|Any CPU = Release|Any CPU
	EndGlobalSection
	GlobalSection(ProjectConfigurationPlatforms) = postSolution
		{164B19D1-C9C9-686A-B1D7-CE0FB6281E6F}.Debug|Any CPU.ActiveCfg = Debug|Any CPU
		{164B19D1-C9C9-686A-B1D7-CE0FB6281E6F}.Debug|Any CPU.Build.0 = Debug|Any CPU
		{164B19D1-C9C9-686A-B1D7-CE0FB6281E6F}.Release|Any CPU.ActiveCfg = Release|Any CPU
		{164B19D1-C9C9-686A-B1D7-CE0FB6281E6F}.Release|Any CPU.Build.0 = Release|Any CPU
	EndGlobalSection
	GlobalSection(SolutionProperties) = preSolution
		HideSolutionNode = FALSE
	EndGlobalSection
	GlobalSection(ExtensibilityGlobals) = postSolution
		SolutionGuid = {B6BED42B-EF01-4977-9D47-8CD61EE35D1A}
	EndGlobalSection
EndGlobal
